// !$*UTF8*$!
{
	archiveVersion = 1;
	classes = {
	};
	objectVersion = 46;
	objects = {

/* Begin PBXBuildFile section */
		61B495E719C0F26200715F13 /* Foundation.framework in Frameworks */ = {isa = PBXBuildFile; fileRef = 61B495E619C0F26200715F13 /* Foundation.framework */; };
		61B495E919C0F26200715F13 /* CoreGraphics.framework in Frameworks */ = {isa = PBXBuildFile; fileRef = 61B495E819C0F26200715F13 /* CoreGraphics.framework */; };
		61B495EB19C0F26200715F13 /* UIKit.framework in Frameworks */ = {isa = PBXBuildFile; fileRef = 61B495EA19C0F26200715F13 /* UIKit.framework */; };
		61B495F119C0F26200715F13 /* InfoPlist.strings in Resources */ = {isa = PBXBuildFile; fileRef = 61B495EF19C0F26200715F13 /* InfoPlist.strings */; };
		61B495F319C0F26200715F13 /* main.m in Sources */ = {isa = PBXBuildFile; fileRef = 61B495F219C0F26200715F13 /* main.m */; };
		61B495F719C0F26200715F13 /* PLAppDelegate.m in Sources */ = {isa = PBXBuildFile; fileRef = 61B495F619C0F26200715F13 /* PLAppDelegate.m */; };
		61B495F919C0F26200715F13 /* Images.xcassets in Resources */ = {isa = PBXBuildFile; fileRef = 61B495F819C0F26200715F13 /* Images.xcassets */; };
		61B4960019C0F26200715F13 /* XCTest.framework in Frameworks */ = {isa = PBXBuildFile; fileRef = 61B495FF19C0F26200715F13 /* XCTest.framework */; };
		61B4960119C0F26200715F13 /* Foundation.framework in Frameworks */ = {isa = PBXBuildFile; fileRef = 61B495E619C0F26200715F13 /* Foundation.framework */; };
		61B4960219C0F26200715F13 /* UIKit.framework in Frameworks */ = {isa = PBXBuildFile; fileRef = 61B495EA19C0F26200715F13 /* UIKit.framework */; };
		61B4960A19C0F26200715F13 /* InfoPlist.strings in Resources */ = {isa = PBXBuildFile; fileRef = 61B4960819C0F26200715F13 /* InfoPlist.strings */; };
		61B4960C19C0F26200715F13 /* RACExampleTests.m in Sources */ = {isa = PBXBuildFile; fileRef = 61B4960B19C0F26200715F13 /* RACExampleTests.m */; };
		61B4961619C0F8B300715F13 /* PLTextFieldViewController.xib in Resources */ = {isa = PBXBuildFile; fileRef = 61B4961519C0F8B300715F13 /* PLTextFieldViewController.xib */; };
		61B4961919C0F90300715F13 /* PLTextFieldViewController.m in Sources */ = {isa = PBXBuildFile; fileRef = 61B4961819C0F90300715F13 /* PLTextFieldViewController.m */; };
		61B4962519C0FED300715F13 /* PLEmailFieldViewController.m in Sources */ = {isa = PBXBuildFile; fileRef = 61B4962319C0FED300715F13 /* PLEmailFieldViewController.m */; };
		61B4962619C0FED300715F13 /* PLEmailFieldViewController.xib in Resources */ = {isa = PBXBuildFile; fileRef = 61B4962419C0FED300715F13 /* PLEmailFieldViewController.xib */; };
		61B4962C19C116A900715F13 /* PLLoginViewController.m in Sources */ = {isa = PBXBuildFile; fileRef = 61B4962A19C116A900715F13 /* PLLoginViewController.m */; };
		61B4962D19C116A900715F13 /* PLLoginViewController.xib in Resources */ = {isa = PBXBuildFile; fileRef = 61B4962B19C116A900715F13 /* PLLoginViewController.xib */; };
		61B4963119C1183700715F13 /* PLUser.m in Sources */ = {isa = PBXBuildFile; fileRef = 61B4963019C1183700715F13 /* PLUser.m */; };
		61B4963419C1187F00715F13 /* PLUserViewModel.m in Sources */ = {isa = PBXBuildFile; fileRef = 61B4963319C1187F00715F13 /* PLUserViewModel.m */; };
		61B4963719C118CF00715F13 /* PLAPIController.m in Sources */ = {isa = PBXBuildFile; fileRef = 61B4963619C118CF00715F13 /* PLAPIController.m */; };
		B5C60E4EFD1345119BC2305A /* libPods.a in Frameworks */ = {isa = PBXBuildFile; fileRef = BCF079BB922D4BA88F6E1C0B /* libPods.a */; };
/* End PBXBuildFile section */

/* Begin PBXContainerItemProxy section */
		61B4960319C0F26200715F13 /* PBXContainerItemProxy */ = {
			isa = PBXContainerItemProxy;
			containerPortal = 61B495DB19C0F26200715F13 /* Project object */;
			proxyType = 1;
			remoteGlobalIDString = 61B495E219C0F26200715F13;
			remoteInfo = RACExample;
		};
/* End PBXContainerItemProxy section */

/* Begin PBXFileReference section */
		3306B8AD80744947A34DDBF5 /* Pods.xcconfig */ = {isa = PBXFileReference; includeInIndex = 1; lastKnownFileType = text.xcconfig; name = Pods.xcconfig; path = Pods/Pods.xcconfig; sourceTree = "<group>"; };
		61B495E319C0F26200715F13 /* RACExample.app */ = {isa = PBXFileReference; explicitFileType = wrapper.application; includeInIndex = 0; path = RACExample.app; sourceTree = BUILT_PRODUCTS_DIR; };
		61B495E619C0F26200715F13 /* Foundation.framework */ = {isa = PBXFileReference; lastKnownFileType = wrapper.framework; name = Foundation.framework; path = System/Library/Frameworks/Foundation.framework; sourceTree = SDKROOT; };
		61B495E819C0F26200715F13 /* CoreGraphics.framework */ = {isa = PBXFileReference; lastKnownFileType = wrapper.framework; name = CoreGraphics.framework; path = System/Library/Frameworks/CoreGraphics.framework; sourceTree = SDKROOT; };
		61B495EA19C0F26200715F13 /* UIKit.framework */ = {isa = PBXFileReference; lastKnownFileType = wrapper.framework; name = UIKit.framework; path = System/Library/Frameworks/UIKit.framework; sourceTree = SDKROOT; };
		61B495EE19C0F26200715F13 /* RACExample-Info.plist */ = {isa = PBXFileReference; lastKnownFileType = text.plist.xml; path = "RACExample-Info.plist"; sourceTree = "<group>"; };
		61B495F019C0F26200715F13 /* en */ = {isa = PBXFileReference; lastKnownFileType = text.plist.strings; name = en; path = en.lproj/InfoPlist.strings; sourceTree = "<group>"; };
		61B495F219C0F26200715F13 /* main.m */ = {isa = PBXFileReference; lastKnownFileType = sourcecode.c.objc; path = main.m; sourceTree = "<group>"; };
		61B495F419C0F26200715F13 /* RACExample-Prefix.pch */ = {isa = PBXFileReference; lastKnownFileType = sourcecode.c.h; path = "RACExample-Prefix.pch"; sourceTree = "<group>"; };
		61B495F519C0F26200715F13 /* PLAppDelegate.h */ = {isa = PBXFileReference; lastKnownFileType = sourcecode.c.h; path = PLAppDelegate.h; sourceTree = "<group>"; };
		61B495F619C0F26200715F13 /* PLAppDelegate.m */ = {isa = PBXFileReference; lastKnownFileType = sourcecode.c.objc; path = PLAppDelegate.m; sourceTree = "<group>"; };
		61B495F819C0F26200715F13 /* Images.xcassets */ = {isa = PBXFileReference; lastKnownFileType = folder.assetcatalog; path = Images.xcassets; sourceTree = "<group>"; };
		61B495FE19C0F26200715F13 /* RACExampleTests.xctest */ = {isa = PBXFileReference; explicitFileType = wrapper.cfbundle; includeInIndex = 0; path = RACExampleTests.xctest; sourceTree = BUILT_PRODUCTS_DIR; };
		61B495FF19C0F26200715F13 /* XCTest.framework */ = {isa = PBXFileReference; lastKnownFileType = wrapper.framework; name = XCTest.framework; path = Library/Frameworks/XCTest.framework; sourceTree = DEVELOPER_DIR; };
		61B4960719C0F26200715F13 /* RACExampleTests-Info.plist */ = {isa = PBXFileReference; lastKnownFileType = text.plist.xml; path = "RACExampleTests-Info.plist"; sourceTree = "<group>"; };
		61B4960919C0F26200715F13 /* en */ = {isa = PBXFileReference; lastKnownFileType = text.plist.strings; name = en; path = en.lproj/InfoPlist.strings; sourceTree = "<group>"; };
		61B4960B19C0F26200715F13 /* RACExampleTests.m */ = {isa = PBXFileReference; lastKnownFileType = sourcecode.c.objc; path = RACExampleTests.m; sourceTree = "<group>"; };
		61B4961519C0F8B300715F13 /* PLTextFieldViewController.xib */ = {isa = PBXFileReference; fileEncoding = 4; lastKnownFileType = file.xib; path = PLTextFieldViewController.xib; sourceTree = "<group>"; };
		61B4961719C0F90300715F13 /* PLTextFieldViewController.h */ = {isa = PBXFileReference; fileEncoding = 4; lastKnownFileType = sourcecode.c.h; path = PLTextFieldViewController.h; sourceTree = "<group>"; };
		61B4961819C0F90300715F13 /* PLTextFieldViewController.m */ = {isa = PBXFileReference; fileEncoding = 4; lastKnownFileType = sourcecode.c.objc; path = PLTextFieldViewController.m; sourceTree = "<group>"; };
		61B4962219C0FED300715F13 /* PLEmailFieldViewController.h */ = {isa = PBXFileReference; fileEncoding = 4; lastKnownFileType = sourcecode.c.h; path = PLEmailFieldViewController.h; sourceTree = "<group>"; };
		61B4962319C0FED300715F13 /* PLEmailFieldViewController.m */ = {isa = PBXFileReference; fileEncoding = 4; lastKnownFileType = sourcecode.c.objc; path = PLEmailFieldViewController.m; sourceTree = "<group>"; };
		61B4962419C0FED300715F13 /* PLEmailFieldViewController.xib */ = {isa = PBXFileReference; fileEncoding = 4; lastKnownFileType = file.xib; path = PLEmailFieldViewController.xib; sourceTree = "<group>"; };
		61B4962919C116A900715F13 /* PLLoginViewController.h */ = {isa = PBXFileReference; fileEncoding = 4; lastKnownFileType = sourcecode.c.h; path = PLLoginViewController.h; sourceTree = "<group>"; };
		61B4962A19C116A900715F13 /* PLLoginViewController.m */ = {isa = PBXFileReference; fileEncoding = 4; lastKnownFileType = sourcecode.c.objc; path = PLLoginViewController.m; sourceTree = "<group>"; };
		61B4962B19C116A900715F13 /* PLLoginViewController.xib */ = {isa = PBXFileReference; fileEncoding = 4; lastKnownFileType = file.xib; path = PLLoginViewController.xib; sourceTree = "<group>"; };
		61B4962F19C1183700715F13 /* PLUser.h */ = {isa = PBXFileReference; fileEncoding = 4; lastKnownFileType = sourcecode.c.h; path = PLUser.h; sourceTree = "<group>"; };
		61B4963019C1183700715F13 /* PLUser.m */ = {isa = PBXFileReference; fileEncoding = 4; lastKnownFileType = sourcecode.c.objc; path = PLUser.m; sourceTree = "<group>"; };
		61B4963219C1187F00715F13 /* PLUserViewModel.h */ = {isa = PBXFileReference; fileEncoding = 4; lastKnownFileType = sourcecode.c.h; path = PLUserViewModel.h; sourceTree = "<group>"; };
		61B4963319C1187F00715F13 /* PLUserViewModel.m */ = {isa = PBXFileReference; fileEncoding = 4; lastKnownFileType = sourcecode.c.objc; path = PLUserViewModel.m; sourceTree = "<group>"; };
		61B4963519C118CF00715F13 /* PLAPIController.h */ = {isa = PBXFileReference; fileEncoding = 4; lastKnownFileType = sourcecode.c.h; path = PLAPIController.h; sourceTree = "<group>"; };
		61B4963619C118CF00715F13 /* PLAPIController.m */ = {isa = PBXFileReference; fileEncoding = 4; lastKnownFileType = sourcecode.c.objc; path = PLAPIController.m; sourceTree = "<group>"; };
		BCF079BB922D4BA88F6E1C0B /* libPods.a */ = {isa = PBXFileReference; explicitFileType = archive.ar; includeInIndex = 0; path = libPods.a; sourceTree = BUILT_PRODUCTS_DIR; };
/* End PBXFileReference section */

/* Begin PBXFrameworksBuildPhase section */
		61B495E019C0F26200715F13 /* Frameworks */ = {
			isa = PBXFrameworksBuildPhase;
			buildActionMask = 2147483647;
			files = (
				61B495E919C0F26200715F13 /* CoreGraphics.framework in Frameworks */,
				61B495EB19C0F26200715F13 /* UIKit.framework in Frameworks */,
				61B495E719C0F26200715F13 /* Foundation.framework in Frameworks */,
				B5C60E4EFD1345119BC2305A /* libPods.a in Frameworks */,
			);
			runOnlyForDeploymentPostprocessing = 0;
		};
		61B495FB19C0F26200715F13 /* Frameworks */ = {
			isa = PBXFrameworksBuildPhase;
			buildActionMask = 2147483647;
			files = (
				61B4960019C0F26200715F13 /* XCTest.framework in Frameworks */,
				61B4960219C0F26200715F13 /* UIKit.framework in Frameworks */,
				61B4960119C0F26200715F13 /* Foundation.framework in Frameworks */,
			);
			runOnlyForDeploymentPostprocessing = 0;
		};
/* End PBXFrameworksBuildPhase section */

/* Begin PBXGroup section */
		61B495DA19C0F26200715F13 = {
			isa = PBXGroup;
			children = (
				61B495EC19C0F26200715F13 /* RACExample */,
				61B4960519C0F26200715F13 /* RACExampleTests */,
				61B495E519C0F26200715F13 /* Frameworks */,
				61B495E419C0F26200715F13 /* Products */,
				3306B8AD80744947A34DDBF5 /* Pods.xcconfig */,
			);
			sourceTree = "<group>";
		};
		61B495E419C0F26200715F13 /* Products */ = {
			isa = PBXGroup;
			children = (
				61B495E319C0F26200715F13 /* RACExample.app */,
				61B495FE19C0F26200715F13 /* RACExampleTests.xctest */,
			);
			name = Products;
			sourceTree = "<group>";
		};
		61B495E519C0F26200715F13 /* Frameworks */ = {
			isa = PBXGroup;
			children = (
				61B495E619C0F26200715F13 /* Foundation.framework */,
				61B495E819C0F26200715F13 /* CoreGraphics.framework */,
				61B495EA19C0F26200715F13 /* UIKit.framework */,
				61B495FF19C0F26200715F13 /* XCTest.framework */,
				BCF079BB922D4BA88F6E1C0B /* libPods.a */,
			);
			name = Frameworks;
			sourceTree = "<group>";
		};
		61B495EC19C0F26200715F13 /* RACExample */ = {
			isa = PBXGroup;
			children = (
				61B4962819C1169500715F13 /* Simple App */,
				61B495F519C0F26200715F13 /* PLAppDelegate.h */,
				61B495F619C0F26200715F13 /* PLAppDelegate.m */,
				61B495F819C0F26200715F13 /* Images.xcassets */,
				61B495ED19C0F26200715F13 /* Supporting Files */,
				61B4962719C1168400715F13 /* Simple Examples */,
			);
			path = RACExample;
			sourceTree = "<group>";
		};
		61B495ED19C0F26200715F13 /* Supporting Files */ = {
			isa = PBXGroup;
			children = (
				61B495EE19C0F26200715F13 /* RACExample-Info.plist */,
				61B495EF19C0F26200715F13 /* InfoPlist.strings */,
				61B495F219C0F26200715F13 /* main.m */,
				61B495F419C0F26200715F13 /* RACExample-Prefix.pch */,
			);
			name = "Supporting Files";
			sourceTree = "<group>";
		};
		61B4960519C0F26200715F13 /* RACExampleTests */ = {
			isa = PBXGroup;
			children = (
				61B4960B19C0F26200715F13 /* RACExampleTests.m */,
				61B4960619C0F26200715F13 /* Supporting Files */,
			);
			path = RACExampleTests;
			sourceTree = "<group>";
		};
		61B4960619C0F26200715F13 /* Supporting Files */ = {
			isa = PBXGroup;
			children = (
				61B4960719C0F26200715F13 /* RACExampleTests-Info.plist */,
				61B4960819C0F26200715F13 /* InfoPlist.strings */,
			);
			name = "Supporting Files";
			sourceTree = "<group>";
		};
		61B4962719C1168400715F13 /* Simple Examples */ = {
			isa = PBXGroup;
			children = (
				61B4961519C0F8B300715F13 /* PLTextFieldViewController.xib */,
				61B4961719C0F90300715F13 /* PLTextFieldViewController.h */,
				61B4961819C0F90300715F13 /* PLTextFieldViewController.m */,
				61B4962219C0FED300715F13 /* PLEmailFieldViewController.h */,
				61B4962319C0FED300715F13 /* PLEmailFieldViewController.m */,
				61B4962419C0FED300715F13 /* PLEmailFieldViewController.xib */,
			);
			name = "Simple Examples";
			sourceTree = "<group>";
		};
		61B4962819C1169500715F13 /* Simple App */ = {
			isa = PBXGroup;
			children = (
				61B4962E19C1182500715F13 /* Model */,
				61B4962919C116A900715F13 /* PLLoginViewController.h */,
				61B4962A19C116A900715F13 /* PLLoginViewController.m */,
				61B4962B19C116A900715F13 /* PLLoginViewController.xib */,
				61B4963519C118CF00715F13 /* PLAPIController.h */,
				61B4963619C118CF00715F13 /* PLAPIController.m */,
			);
			name = "Simple App";
			sourceTree = "<group>";
		};
		61B4962E19C1182500715F13 /* Model */ = {
			isa = PBXGroup;
			children = (
				61B4962F19C1183700715F13 /* PLUser.h */,
				61B4963019C1183700715F13 /* PLUser.m */,
				61B4963219C1187F00715F13 /* PLUserViewModel.h */,
				61B4963319C1187F00715F13 /* PLUserViewModel.m */,
			);
			name = Model;
			sourceTree = "<group>";
		};
/* End PBXGroup section */

/* Begin PBXNativeTarget section */
		61B495E219C0F26200715F13 /* RACExample */ = {
			isa = PBXNativeTarget;
			buildConfigurationList = 61B4960F19C0F26200715F13 /* Build configuration list for PBXNativeTarget "RACExample" */;
			buildPhases = (
				1B01B02A8C4C4382BB03AE7D /* Check Pods Manifest.lock */,
				61B495DF19C0F26200715F13 /* Sources */,
				61B495E019C0F26200715F13 /* Frameworks */,
				61B495E119C0F26200715F13 /* Resources */,
				66BE94F0192245918043DD9F /* Copy Pods Resources */,
			);
			buildRules = (
			);
			dependencies = (
			);
			name = RACExample;
			productName = RACExample;
			productReference = 61B495E319C0F26200715F13 /* RACExample.app */;
			productType = "com.apple.product-type.application";
		};
		61B495FD19C0F26200715F13 /* RACExampleTests */ = {
			isa = PBXNativeTarget;
			buildConfigurationList = 61B4961219C0F26200715F13 /* Build configuration list for PBXNativeTarget "RACExampleTests" */;
			buildPhases = (
				61B495FA19C0F26200715F13 /* Sources */,
				61B495FB19C0F26200715F13 /* Frameworks */,
				61B495FC19C0F26200715F13 /* Resources */,
			);
			buildRules = (
			);
			dependencies = (
				61B4960419C0F26200715F13 /* PBXTargetDependency */,
			);
			name = RACExampleTests;
			productName = RACExampleTests;
			productReference = 61B495FE19C0F26200715F13 /* RACExampleTests.xctest */;
			productType = "com.apple.product-type.bundle.unit-test";
		};
/* End PBXNativeTarget section */

/* Begin PBXProject section */
		61B495DB19C0F26200715F13 /* Project object */ = {
			isa = PBXProject;
			attributes = {
				CLASSPREFIX = PL;
				LastUpgradeCheck = 0510;
				ORGANIZATIONNAME = "Pendar Labs";
				TargetAttributes = {
					61B495FD19C0F26200715F13 = {
						TestTargetID = 61B495E219C0F26200715F13;
					};
				};
			};
			buildConfigurationList = 61B495DE19C0F26200715F13 /* Build configuration list for PBXProject "RACExample" */;
			compatibilityVersion = "Xcode 3.2";
			developmentRegion = English;
			hasScannedForEncodings = 0;
			knownRegions = (
				en,
			);
			mainGroup = 61B495DA19C0F26200715F13;
			productRefGroup = 61B495E419C0F26200715F13 /* Products */;
			projectDirPath = "";
			projectRoot = "";
			targets = (
				61B495E219C0F26200715F13 /* RACExample */,
				61B495FD19C0F26200715F13 /* RACExampleTests */,
			);
		};
/* End PBXProject section */

/* Begin PBXResourcesBuildPhase section */
		61B495E119C0F26200715F13 /* Resources */ = {
			isa = PBXResourcesBuildPhase;
			buildActionMask = 2147483647;
			files = (
				61B4961619C0F8B300715F13 /* PLTextFieldViewController.xib in Resources */,
				61B495F119C0F26200715F13 /* InfoPlist.strings in Resources */,
				61B4962619C0FED300715F13 /* PLEmailFieldViewController.xib in Resources */,
				61B495F919C0F26200715F13 /* Images.xcassets in Resources */,
				61B4962D19C116A900715F13 /* PLLoginViewController.xib in Resources */,
			);
			runOnlyForDeploymentPostprocessing = 0;
		};
		61B495FC19C0F26200715F13 /* Resources */ = {
			isa = PBXResourcesBuildPhase;
			buildActionMask = 2147483647;
			files = (
				61B4960A19C0F26200715F13 /* InfoPlist.strings in Resources */,
			);
			runOnlyForDeploymentPostprocessing = 0;
		};
/* End PBXResourcesBuildPhase section */

/* Begin PBXShellScriptBuildPhase section */
		1B01B02A8C4C4382BB03AE7D /* Check Pods Manifest.lock */ = {
			isa = PBXShellScriptBuildPhase;
			buildActionMask = 2147483647;
			files = (
			);
			inputPaths = (
			);
			name = "Check Pods Manifest.lock";
			outputPaths = (
			);
			runOnlyForDeploymentPostprocessing = 0;
			shellPath = /bin/sh;
			shellScript = "diff \"${PODS_ROOT}/../Podfile.lock\" \"${PODS_ROOT}/Manifest.lock\" > /dev/null\nif [[ $? != 0 ]] ; then\n    cat << EOM\nerror: The sandbox is not in sync with the Podfile.lock. Run 'pod install' or update your CocoaPods installation.\nEOM\n    exit 1\nfi\n";
			showEnvVarsInLog = 0;
		};
		66BE94F0192245918043DD9F /* Copy Pods Resources */ = {
			isa = PBXShellScriptBuildPhase;
			buildActionMask = 2147483647;
			files = (
			);
			inputPaths = (
			);
			name = "Copy Pods Resources";
			outputPaths = (
			);
			runOnlyForDeploymentPostprocessing = 0;
			shellPath = /bin/sh;
			shellScript = "\"${SRCROOT}/Pods/Pods-resources.sh\"\n";
			showEnvVarsInLog = 0;
		};
/* End PBXShellScriptBuildPhase section */

/* Begin PBXSourcesBuildPhase section */
		61B495DF19C0F26200715F13 /* Sources */ = {
			isa = PBXSourcesBuildPhase;
			buildActionMask = 2147483647;
			files = (
				61B4963419C1187F00715F13 /* PLUserViewModel.m in Sources */,
				61B4962C19C116A900715F13 /* PLLoginViewController.m in Sources */,
				61B495F719C0F26200715F13 /* PLAppDelegate.m in Sources */,
				61B495F319C0F26200715F13 /* main.m in Sources */,
				61B4962519C0FED300715F13 /* PLEmailFieldViewController.m in Sources */,
				61B4963119C1183700715F13 /* PLUser.m in Sources */,
				61B4963719C118CF00715F13 /* PLAPIController.m in Sources */,
				61B4961919C0F90300715F13 /* PLTextFieldViewController.m in Sources */,
			);
			runOnlyForDeploymentPostprocessing = 0;
		};
		61B495FA19C0F26200715F13 /* Sources */ = {
			isa = PBXSourcesBuildPhase;
			buildActionMask = 2147483647;
			files = (
				61B4960C19C0F26200715F13 /* RACExampleTests.m in Sources */,
			);
			runOnlyForDeploymentPostprocessing = 0;
		};
/* End PBXSourcesBuildPhase section */

/* Begin PBXTargetDependency section */
		61B4960419C0F26200715F13 /* PBXTargetDependency */ = {
			isa = PBXTargetDependency;
			target = 61B495E219C0F26200715F13 /* RACExample */;
			targetProxy = 61B4960319C0F26200715F13 /* PBXContainerItemProxy */;
		};
/* End PBXTargetDependency section */

/* Begin PBXVariantGroup section */
		61B495EF19C0F26200715F13 /* InfoPlist.strings */ = {
			isa = PBXVariantGroup;
			children = (
				61B495F019C0F26200715F13 /* en */,
			);
			name = InfoPlist.strings;
			sourceTree = "<group>";
		};
		61B4960819C0F26200715F13 /* InfoPlist.strings */ = {
			isa = PBXVariantGroup;
			children = (
				61B4960919C0F26200715F13 /* en */,
			);
			name = InfoPlist.strings;
			sourceTree = "<group>";
		};
/* End PBXVariantGroup section */

/* Begin XCBuildConfiguration section */
		61B4960D19C0F26200715F13 /* Debug */ = {
			isa = XCBuildConfiguration;
			buildSettings = {
				ALWAYS_SEARCH_USER_PATHS = NO;
				CLANG_CXX_LANGUAGE_STANDARD = "gnu++0x";
				CLANG_CXX_LIBRARY = "libc++";
				CLANG_ENABLE_MODULES = YES;
				CLANG_ENABLE_OBJC_ARC = YES;
				CLANG_WARN_BOOL_CONVERSION = YES;
				CLANG_WARN_CONSTANT_CONVERSION = YES;
				CLANG_WARN_DIRECT_OBJC_ISA_USAGE = YES_ERROR;
				CLANG_WARN_EMPTY_BODY = YES;
				CLANG_WARN_ENUM_CONVERSION = YES;
				CLANG_WARN_INT_CONVERSION = YES;
				CLANG_WARN_OBJC_ROOT_CLASS = YES_ERROR;
				CLANG_WARN__DUPLICATE_METHOD_MATCH = YES;
				"CODE_SIGN_IDENTITY[sdk=iphoneos*]" = "iPhone Developer";
				COPY_PHASE_STRIP = NO;
				GCC_C_LANGUAGE_STANDARD = gnu99;
				GCC_DYNAMIC_NO_PIC = NO;
				GCC_OPTIMIZATION_LEVEL = 0;
				GCC_PREPROCESSOR_DEFINITIONS = (
					"DEBUG=1",
					"$(inherited)",
				);
				GCC_SYMBOLS_PRIVATE_EXTERN = NO;
				GCC_WARN_64_TO_32_BIT_CONVERSION = YES;
				GCC_WARN_ABOUT_RETURN_TYPE = YES_ERROR;
				GCC_WARN_UNDECLARED_SELECTOR = YES;
				GCC_WARN_UNINITIALIZED_AUTOS = YES_AGGRESSIVE;
				GCC_WARN_UNUSED_FUNCTION = YES;
				GCC_WARN_UNUSED_VARIABLE = YES;
				IPHONEOS_DEPLOYMENT_TARGET = 7.1;
				ONLY_ACTIVE_ARCH = YES;
				SDKROOT = iphoneos;
			};
			name = Debug;
		};
		61B4960E19C0F26200715F13 /* Release */ = {
			isa = XCBuildConfiguration;
			buildSettings = {
				ALWAYS_SEARCH_USER_PATHS = NO;
				CLANG_CXX_LANGUAGE_STANDARD = "gnu++0x";
				CLANG_CXX_LIBRARY = "libc++";
				CLANG_ENABLE_MODULES = YES;
				CLANG_ENABLE_OBJC_ARC = YES;
				CLANG_WARN_BOOL_CONVERSION = YES;
				CLANG_WARN_CONSTANT_CONVERSION = YES;
				CLANG_WARN_DIRECT_OBJC_ISA_USAGE = YES_ERROR;
				CLANG_WARN_EMPTY_BODY = YES;
				CLANG_WARN_ENUM_CONVERSION = YES;
				CLANG_WARN_INT_CONVERSION = YES;
				CLANG_WARN_OBJC_ROOT_CLASS = YES_ERROR;
				CLANG_WARN__DUPLICATE_METHOD_MATCH = YES;
				"CODE_SIGN_IDENTITY[sdk=iphoneos*]" = "iPhone Developer";
				COPY_PHASE_STRIP = YES;
				ENABLE_NS_ASSERTIONS = NO;
				GCC_C_LANGUAGE_STANDARD = gnu99;
				GCC_WARN_64_TO_32_BIT_CONVERSION = YES;
				GCC_WARN_ABOUT_RETURN_TYPE = YES_ERROR;
				GCC_WARN_UNDECLARED_SELECTOR = YES;
				GCC_WARN_UNINITIALIZED_AUTOS = YES_AGGRESSIVE;
				GCC_WARN_UNUSED_FUNCTION = YES;
				GCC_WARN_UNUSED_VARIABLE = YES;
				IPHONEOS_DEPLOYMENT_TARGET = 7.1;
				SDKROOT = iphoneos;
				VALIDATE_PRODUCT = YES;
			};
			name = Release;
		};
		61B4961019C0F26200715F13 /* Debug */ = {
			isa = XCBuildConfiguration;
			baseConfigurationReference = 3306B8AD80744947A34DDBF5 /* Pods.xcconfig */;
			buildSettings = {
				ASSETCATALOG_COMPILER_APPICON_NAME = AppIcon;
				ASSETCATALOG_COMPILER_LAUNCHIMAGE_NAME = LaunchImage;
				GCC_PRECOMPILE_PREFIX_HEADER = YES;
				GCC_PREFIX_HEADER = "RACExample/RACExample-Prefix.pch";
				INFOPLIST_FILE = "RACExample/RACExample-Info.plist";
				PRODUCT_NAME = "$(TARGET_NAME)";
				WRAPPER_EXTENSION = app;
			};
			name = Debug;
		};
		61B4961119C0F26200715F13 /* Release */ = {
			isa = XCBuildConfiguration;
			baseConfigurationReference = 3306B8AD80744947A34DDBF5 /* Pods.xcconfig */;
			buildSettings = {
				ASSETCATALOG_COMPILER_APPICON_NAME = AppIcon;
				ASSETCATALOG_COMPILER_LAUNCHIMAGE_NAME = LaunchImage;
				GCC_PRECOMPILE_PREFIX_HEADER = YES;
				GCC_PREFIX_HEADER = "RACExample/RACExample-Prefix.pch";
				INFOPLIST_FILE = "RACExample/RACExample-Info.plist";
				PRODUCT_NAME = "$(TARGET_NAME)";
				WRAPPER_EXTENSION = app;
			};
			name = Release;
		};
		61B4961319C0F26200715F13 /* Debug */ = {
			isa = XCBuildConfiguration;
			buildSettings = {
				BUNDLE_LOADER = "$(BUILT_PRODUCTS_DIR)/RACExample.app/RACExample";
				FRAMEWORK_SEARCH_PATHS = (
					"$(SDKROOT)/Developer/Library/Frameworks",
					"$(inherited)",
					"$(DEVELOPER_FRAMEWORKS_DIR)",
				);
				GCC_PRECOMPILE_PREFIX_HEADER = YES;
				GCC_PREFIX_HEADER = "RACExample/RACExample-Prefix.pch";
				GCC_PREPROCESSOR_DEFINITIONS = (
					"DEBUG=1",
					"$(inherited)",
				);
				INFOPLIST_FILE = "RACExampleTests/RACExampleTests-Info.plist";
				PRODUCT_NAME = "$(TARGET_NAME)";
				TEST_HOST = "$(BUNDLE_LOADER)";
				WRAPPER_EXTENSION = xctest;
			};
			name = Debug;
		};
		61B4961419C0F26200715F13 /* Release */ = {
			isa = XCBuildConfiguration;
			buildSettings = {
				BUNDLE_LOADER = "$(BUILT_PRODUCTS_DIR)/RACExample.app/RACExample";
				FRAMEWORK_SEARCH_PATHS = (
					"$(SDKROOT)/Developer/Library/Frameworks",
					"$(inherited)",
					"$(DEVELOPER_FRAMEWORKS_DIR)",
				);
				GCC_PRECOMPILE_PREFIX_HEADER = YES;
				GCC_PREFIX_HEADER = "RACExample/RACExample-Prefix.pch";
				INFOPLIST_FILE = "RACExampleTests/RACExampleTests-Info.plist";
				PRODUCT_NAME = "$(TARGET_NAME)";
				TEST_HOST = "$(BUNDLE_LOADER)";
				WRAPPER_EXTENSION = xctest;
			};
			name = Release;
		};
/* End XCBuildConfiguration section */

/* Begin XCConfigurationList section */
		61B495DE19C0F26200715F13 /* Build configuration list for PBXProject "RACExample" */ = {
			isa = XCConfigurationList;
			buildConfigurations = (
				61B4960D19C0F26200715F13 /* Debug */,
				61B4960E19C0F26200715F13 /* Release */,
			);
			defaultConfigurationIsVisible = 0;
			defaultConfigurationName = Release;
		};
		61B4960F19C0F26200715F13 /* Build configuration list for PBXNativeTarget "RACExample" */ = {
			isa = XCConfigurationList;
			buildConfigurations = (
				61B4961019C0F26200715F13 /* Debug */,
				61B4961119C0F26200715F13 /* Release */,
			);
			defaultConfigurationIsVisible = 0;
			defaultConfigurationName = Release;
		};
		61B4961219C0F26200715F13 /* Build configuration list for PBXNativeTarget "RACExampleTests" */ = {
			isa = XCConfigurationList;
			buildConfigurations = (
				61B4961319C0F26200715F13 /* Debug */,
				61B4961419C0F26200715F13 /* Release */,
			);
			defaultConfigurationIsVisible = 0;
			defaultConfigurationName = Release;
		};
/* End XCConfigurationList section */
	};
	rootObject = 61B495DB19C0F26200715F13 /* Project object */;
}
